
Microsoft Visual Studio Solution File, Format Version 12.00
# Visual Studio Version 17
VisualStudioVersion = 17.5.33627.172
MinimumVisualStudioVersion = 10.0.40219.1
Project("{FAE04EC0-301F-11D3-BF4B-00C04F79EFBC}") = "DEMTEST", "DEMTEST\DEMTEST.csproj", "{7674D3A0-D5E0-483B-B15B-E78C7B7097C1}"
EndProject
Project("{FAE04EC0-301F-11D3-BF4B-00C04F79EFBC}") = "LibraryName", "LibraryName\LibraryName.csproj", "{45FB5416-B5DF-4300-8827-576E51EAC92F}"
EndProject
Project("{FAE04EC0-301F-11D3-BF4B-00C04F79EFBC}") = "UnitTestProject1", "UnitTestProject1\UnitTestProject1.csproj", "{25054469-CFD8-4CFC-9DD2-6D7DA8780DF5}"
EndProject
Global
	GlobalSection(SolutionConfigurationPlatforms) = preSolution
		Debug|Any CPU = Debug|Any CPU
		Release|Any CPU = Release|Any CPU
	EndGlobalSection
	GlobalSection(ProjectConfigurationPlatforms) = postSolution
		{7674D3A0-D5E0-483B-B15B-E78C7B7097C1}.Debug|Any CPU.ActiveCfg = Debug|Any CPU
		{7674D3A0-D5E0-483B-B15B-E78C7B7097C1}.Debug|Any CPU.Build.0 = Debug|Any CPU
		{7674D3A0-D5E0-483B-B15B-E78C7B7097C1}.Release|Any CPU.ActiveCfg = Release|Any CPU
		{7674D3A0-D5E0-483B-B15B-E78C7B7097C1}.Release|Any CPU.Build.0 = Release|Any CPU
		{45FB5416-B5DF-4300-8827-576E51EAC92F}.Debug|Any CPU.ActiveCfg = Debug|Any CPU
		{45FB5416-B5DF-4300-8827-576E51EAC92F}.Debug|Any CPU.Build.0 = Debug|Any CPU
		{45FB5416-B5DF-4300-8827-576E51EAC92F}.Release|Any CPU.ActiveCfg = Release|Any CPU
		{45FB5416-B5DF-4300-8827-576E51EAC92F}.Release|Any CPU.Build.0 = Release|Any CPU
		{25054469-CFD8-4CFC-9DD2-6D7DA8780DF5}.Debug|Any CPU.ActiveCfg = Debug|Any CPU
		{25054469-CFD8-4CFC-9DD2-6D7DA8780DF5}.Debug|Any CPU.Build.0 = Debug|Any CPU
		{25054469-CFD8-4CFC-9DD2-6D7DA8780DF5}.Release|Any CPU.ActiveCfg = Release|Any CPU
		{25054469-CFD8-4CFC-9DD2-6D7DA8780DF5}.Release|Any CPU.Build.0 = Release|Any CPU
	EndGlobalSection
	GlobalSection(SolutionProperties) = preSolution
		HideSolutionNode = FALSE
	EndGlobalSection
	GlobalSection(ExtensibilityGlobals) = postSolution
		SolutionGuid = {58B5913D-428E-40D5-B2BD-CF05340F319E}
	EndGlobalSection
EndGlobal
